// !$*UTF8*$!
{
	archiveVersion = 1;
	classes = {
	};
	objectVersion = 50;
	objects = {

/* Begin PBXBuildFile section */
		BBFB233920F4000E00E33C0A /* AppDelegate.swift in Sources */ = {isa = PBXBuildFile; fileRef = BBFB233820F4000E00E33C0A /* AppDelegate.swift */; };
		BBFB233B20F4000E00E33C0A /* ViewController.swift in Sources */ = {isa = PBXBuildFile; fileRef = BBFB233A20F4000E00E33C0A /* ViewController.swift */; };
		BBFB233E20F4000E00E33C0A /* Main.storyboard in Resources */ = {isa = PBXBuildFile; fileRef = BBFB233C20F4000E00E33C0A /* Main.storyboard */; };
		BBFB234120F4000E00E33C0A /* MakeStagram.xcdatamodeld in Sources */ = {isa = PBXBuildFile; fileRef = BBFB233F20F4000E00E33C0A /* MakeStagram.xcdatamodeld */; };
		BBFB234320F4000F00E33C0A /* Assets.xcassets in Resources */ = {isa = PBXBuildFile; fileRef = BBFB234220F4000F00E33C0A /* Assets.xcassets */; };
		BBFB234620F4000F00E33C0A /* LaunchScreen.storyboard in Resources */ = {isa = PBXBuildFile; fileRef = BBFB234420F4000F00E33C0A /* LaunchScreen.storyboard */; };
/* End PBXBuildFile section */

/* Begin PBXFileReference section */
		BBFB233520F4000E00E33C0A /* MakeStagram.app */ = {isa = PBXFileReference; explicitFileType = wrapper.application; includeInIndex = 0; path = MakeStagram.app; sourceTree = BUILT_PRODUCTS_DIR; };
		BBFB233820F4000E00E33C0A /* AppDelegate.swift */ = {isa = PBXFileReference; lastKnownFileType = sourcecode.swift; path = AppDelegate.swift; sourceTree = "<group>"; };
		BBFB233A20F4000E00E33C0A /* ViewController.swift */ = {isa = PBXFileReference; lastKnownFileType = sourcecode.swift; path = ViewController.swift; sourceTree = "<group>"; };
		BBFB233D20F4000E00E33C0A /* Base */ = {isa = PBXFileReference; lastKnownFileType = file.storyboard; name = Base; path = Base.lproj/Main.storyboard; sourceTree = "<group>"; };
		BBFB234020F4000E00E33C0A /* MakeStagram.xcdatamodel */ = {isa = PBXFileReference; lastKnownFileType = wrapper.xcdatamodel; path = MakeStagram.xcdatamodel; sourceTree = "<group>"; };
		BBFB234220F4000F00E33C0A /* Assets.xcassets */ = {isa = PBXFileReference; lastKnownFileType = folder.assetcatalog; path = Assets.xcassets; sourceTree = "<group>"; };
		BBFB234520F4000F00E33C0A /* Base */ = {isa = PBXFileReference; lastKnownFileType = file.storyboard; name = Base; path = Base.lproj/LaunchScreen.storyboard; sourceTree = "<group>"; };
		BBFB234720F4000F00E33C0A /* Info.plist */ = {isa = PBXFileReference; lastKnownFileType = text.plist.xml; path = Info.plist; sourceTree = "<group>"; };
/* End PBXFileReference section */

/* Begin PBXFrameworksBuildPhase section */
		BBFB233220F4000E00E33C0A /* Frameworks */ = {
			isa = PBXFrameworksBuildPhase;
			buildActionMask = 2147483647;
			files = (
			);
			runOnlyForDeploymentPostprocessing = 0;
		};
/* End PBXFrameworksBuildPhase section */

/* Begin PBXGroup section */
		BBFB232C20F4000E00E33C0A = {
			isa = PBXGroup;
			children = (
				BBFB233720F4000E00E33C0A /* MakeStagram */,
				BBFB233620F4000E00E33C0A /* Products */,
			);
			sourceTree = "<group>";
		};
		BBFB233620F4000E00E33C0A /* Products */ = {
			isa = PBXGroup;
			children = (
				BBFB233520F4000E00E33C0A /* MakeStagram.app */,
			);
			name = Products;
			sourceTree = "<group>";
		};
		BBFB233720F4000E00E33C0A /* MakeStagram */ = {
			isa = PBXGroup;
			children = (
				BBFB233820F4000E00E33C0A /* AppDelegate.swift */,
				BBFB233A20F4000E00E33C0A /* ViewController.swift */,
				BBFB233C20F4000E00E33C0A /* Main.storyboard */,
				BBFB234220F4000F00E33C0A /* Assets.xcassets */,
				BBFB234420F4000F00E33C0A /* LaunchScreen.storyboard */,
				BBFB234720F4000F00E33C0A /* Info.plist */,
				BBFB233F20F4000E00E33C0A /* MakeStagram.xcdatamodeld */,
			);
			path = MakeStagram;
			sourceTree = "<group>";
		};
/* End PBXGroup section */

/* Begin PBXNativeTarget section */
		BBFB233420F4000E00E33C0A /* MakeStagram */ = {
			isa = PBXNativeTarget;
			buildConfigurationList = BBFB234A20F4000F00E33C0A /* Build configuration list for PBXNativeTarget "MakeStagram" */;
			buildPhases = (
				BBFB233120F4000E00E33C0A /* Sources */,
				BBFB233220F4000E00E33C0A /* Frameworks */,
				BBFB233320F4000E00E33C0A /* Resources */,
			);
			buildRules = (
			);
			dependencies = (
			);
			name = MakeStagram;
			productName = MakeStagram;
			productReference = BBFB233520F4000E00E33C0A /* MakeStagram.app */;
			productType = "com.apple.product-type.application";
		};
/* End PBXNativeTarget section */

/* Begin PBXProject section */
		BBFB232D20F4000E00E33C0A /* Project object */ = {
			isa = PBXProject;
			attributes = {
				LastSwiftUpdateCheck = 0940;
				LastUpgradeCheck = 0940;
				ORGANIZATIONNAME = Memo;
				TargetAttributes = {
					BBFB233420F4000E00E33C0A = {
						CreatedOnToolsVersion = 9.4.1;
					};
				};
			};
			buildConfigurationList = BBFB233020F4000E00E33C0A /* Build configuration list for PBXProject "MakeStagram" */;
			compatibilityVersion = "Xcode 9.3";
			developmentRegion = en;
			hasScannedForEncodings = 0;
			knownRegions = (
				en,
				Base,
			);
			mainGroup = BBFB232C20F4000E00E33C0A;
			productRefGroup = BBFB233620F4000E00E33C0A /* Products */;
			projectDirPath = "";
			projectRoot = "";
			targets = (
				BBFB233420F4000E00E33C0A /* MakeStagram */,
			);
		};
/* End PBXProject section */

/* Begin PBXResourcesBuildPhase section */
		BBFB233320F4000E00E33C0A /* Resources */ = {
			isa = PBXResourcesBuildPhase;
			buildActionMask = 2147483647;
			files = (
				BBFB234620F4000F00E33C0A /* LaunchScreen.storyboard in Resources */,
				BBFB234320F4000F00E33C0A /* Assets.xcassets in Resources */,
				BBFB233E20F4000E00E33C0A /* Main.storyboard in Resources */,
			);
			runOnlyForDeploymentPostprocessing = 0;
		};
/* End PBXResourcesBuildPhase section */

/* Begin PBXSourcesBuildPhase section */
		BBFB233120F4000E00E33C0A /* Sources */ = {
			isa = PBXSourcesBuildPhase;
			buildActionMask = 2147483647;
			files = (
				BBFB233B20F4000E00E33C0A /* ViewController.swift in Sources */,
				BBFB233920F4000E00E33C0A /* AppDelegate.swift in Sources */,
				BBFB234120F4000E00E33C0A /* MakeStagram.xcdatamodeld in Sources */,
			);
			runOnlyForDeploymentPostprocessing = 0;
		};
/* End PBXSourcesBuildPhase section */

/* Begin PBXVariantGroup section */
		BBFB233C20F4000E00E33C0A /* Main.storyboard */ = {
			isa = PBXVariantGroup;
			children = (
				BBFB233D20F4000E00E33C0A /* Base */,
			);
			name = Main.storyboard;
			sourceTree = "<group>";
		};
		BBFB234420F4000F00E33C0A /* LaunchScreen.storyboard */ = {
			isa = PBXVariantGroup;
			children = (
				BBFB234520F4000F00E33C0A /* Base */,
			);
			name = LaunchScreen.storyboard;
			sourceTree = "<group>";
		};
/* End PBXVariantGroup section */

/* Begin XCBuildConfiguration section */
		BBFB234820F4000F00E33C0A /* Debug */ = {
			isa = XCBuildConfiguration;
			buildSettings = {
				ALWAYS_SEARCH_USER_PATHS = NO;
				CLANG_ANALYZER_NONNULL = YES;
				CLANG_ANALYZER_NUMBER_OBJECT_CONVERSION = YES_AGGRESSIVE;
				CLANG_CXX_LANGUAGE_STANDARD = "gnu++14";
				CLANG_CXX_LIBRARY = "libc++";
				CLANG_ENABLE_MODULES = YES;
				CLANG_ENABLE_OBJC_ARC = YES;
				CLANG_ENABLE_OBJC_WEAK = YES;
				CLANG_WARN_BLOCK_CAPTURE_AUTORELEASING = YES;
				CLANG_WARN_BOOL_CONVERSION = YES;
				CLANG_WARN_COMMA = YES;
				CLANG_WARN_CONSTANT_CONVERSION = YES;
				CLANG_WARN_DEPRECATED_OBJC_IMPLEMENTATIONS = YES;
				CLANG_WARN_DIRECT_OBJC_ISA_USAGE = YES_ERROR;
				CLANG_WARN_DOCUMENTATION_COMMENTS = YES;
				CLANG_WARN_EMPTY_BODY = YES;
				CLANG_WARN_ENUM_CONVERSION = YES;
				CLANG_WARN_INFINITE_RECURSION = YES;
				CLANG_WARN_INT_CONVERSION = YES;
				CLANG_WARN_NON_LITERAL_NULL_CONVERSION = YES;
				CLANG_WARN_OBJC_IMPLICIT_RETAIN_SELF = YES;
				CLANG_WARN_OBJC_LITERAL_CONVERSION = YES;
				CLANG_WARN_OBJC_ROOT_CLASS = YES_ERROR;
				CLANG_WARN_RANGE_LOOP_ANALYSIS = YES;
				CLANG_WARN_STRICT_PROTOTYPES = YES;
				CLANG_WARN_SUSPICIOUS_MOVE = YES;
				CLANG_WARN_UNGUARDED_AVAILABILITY = YES_AGGRESSIVE;
				CLANG_WARN_UNREACHABLE_CODE = YES;
				CLANG_WARN__DUPLICATE_METHOD_MATCH = YES;
				CODE_SIGN_IDENTITY = "iPhone Developer";
				COPY_PHASE_STRIP = NO;
				DEBUG_INFORMATION_FORMAT = dwarf;
				ENABLE_STRICT_OBJC_MSGSEND = YES;
				ENABLE_TESTABILITY = YES;
				GCC_C_LANGUAGE_STANDARD = gnu11;
				GCC_DYNAMIC_NO_PIC = NO;
				GCC_NO_COMMON_BLOCKS = YES;
				GCC_OPTIMIZATION_LEVEL = 0;
				GCC_PREPROCESSOR_DEFINITIONS = (
					"DEBUG=1",
					"$(inherited)",
				);
				GCC_WARN_64_TO_32_BIT_CONVERSION = YES;
				GCC_WARN_ABOUT_RETURN_TYPE = YES_ERROR;
				GCC_WARN_UNDECLARED_SELECTOR = YES;
				GCC_WARN_UNINITIALIZED_AUTOS = YES_AGGRESSIVE;
				GCC_WARN_UNUSED_FUNCTION = YES;
				GCC_WARN_UNUSED_VARIABLE = YES;
				IPHONEOS_DEPLOYMENT_TARGET = 11.4;
				MTL_ENABLE_DEBUG_INFO = YES;
				ONLY_ACTIVE_ARCH = YES;
				SDKROOT = iphoneos;
				SWIFT_ACTIVE_COMPILATION_CONDITIONS = DEBUG;
				SWIFT_OPTIMIZATION_LEVEL = "-Onone";
			};
			name = Debug;
		};
		BBFB234920F4000F00E33C0A /* Release */ = {
			isa = XCBuildConfiguration;
			buildSettings = {
				ALWAYS_SEARCH_USER_PATHS = NO;
				CLANG_ANALYZER_NONNULL = YES;
				CLANG_ANALYZER_NUMBER_OBJECT_CONVERSION = YES_AGGRESSIVE;
				CLANG_CXX_LANGUAGE_STANDARD = "gnu++14";
				CLANG_CXX_LIBRARY = "libc++";
				CLANG_ENABLE_MODULES = YES;
				CLANG_ENABLE_OBJC_ARC = YES;
				CLANG_ENABLE_OBJC_WEAK = YES;
				CLANG_WARN_BLOCK_CAPTURE_AUTORELEASING = YES;
				CLANG_WARN_BOOL_CONVERSION = YES;
				CLANG_WARN_COMMA = YES;
				CLANG_WARN_CONSTANT_CONVERSION = YES;
				CLANG_WARN_DEPRECATED_OBJC_IMPLEMENTATIONS = YES;
				CLANG_WARN_DIRECT_OBJC_ISA_USAGE = YES_ERROR;
				CLANG_WARN_DOCUMENTATION_COMMENTS = YES;
				CLANG_WARN_EMPTY_BODY = YES;
				CLANG_WARN_ENUM_CONVERSION = YES;
				CLANG_WARN_INFINITE_RECURSION = YES;
				CLANG_WARN_INT_CONVERSION = YES;
				CLANG_WARN_NON_LITERAL_NULL_CONVERSION = YES;
				CLANG_WARN_OBJC_IMPLICIT_RETAIN_SELF = YES;
				CLANG_WARN_OBJC_LITERAL_CONVERSION = YES;
				CLANG_WARN_OBJC_ROOT_CLASS = YES_ERROR;
				CLANG_WARN_RANGE_LOOP_ANALYSIS = YES;
				CLANG_WARN_STRICT_PROTOTYPES = YES;
				CLANG_WARN_SUSPICIOUS_MOVE = YES;
				CLANG_WARN_UNGUARDED_AVAILABILITY = YES_AGGRESSIVE;
				CLANG_WARN_UNREACHABLE_CODE = YES;
				CLANG_WARN__DUPLICATE_METHOD_MATCH = YES;
				CODE_SIGN_IDENTITY = "iPhone Developer";
				COPY_PHASE_STRIP = NO;
				DEBUG_INFORMATION_FORMAT = "dwarf-with-dsym";
				ENABLE_NS_ASSERTIONS = NO;
				ENABLE_STRICT_OBJC_MSGSEND = YES;
				GCC_C_LANGUAGE_STANDARD = gnu11;
				GCC_NO_COMMON_BLOCKS = YES;
				GCC_WARN_64_TO_32_BIT_CONVERSION = YES;
				GCC_WARN_ABOUT_RETURN_TYPE = YES_ERROR;
				GCC_WARN_UNDECLARED_SELECTOR = YES;
				GCC_WARN_UNINITIALIZED_AUTOS = YES_AGGRESSIVE;
				GCC_WARN_UNUSED_FUNCTION = YES;
				GCC_WARN_UNUSED_VARIABLE = YES;
				IPHONEOS_DEPLOYMENT_TARGET = 11.4;
				MTL_ENABLE_DEBUG_INFO = NO;
				SDKROOT = iphoneos;
				SWIFT_COMPILATION_MODE = wholemodule;
				SWIFT_OPTIMIZATION_LEVEL = "-O";
				VALIDATE_PRODUCT = YES;
			};
			name = Release;
		};
		BBFB234B20F4000F00E33C0A /* Debug */ = {
			isa = XCBuildConfiguration;
			buildSettings = {
				ASSETCATALOG_COMPILER_APPICON_NAME = AppIcon;
				CODE_SIGN_STYLE = Automatic;
				INFOPLIST_FILE = MakeStagram/Info.plist;
				LD_RUNPATH_SEARCH_PATHS = (
					"$(inherited)",
					"@executable_path/Frameworks",
				);
				PRODUCT_BUNDLE_IDENTIFIER = "com.guillermo-sanchez.MakeStagram";
				PRODUCT_NAME = "$(TARGET_NAME)";
				SWIFT_VERSION = 4.0;
				TARGETED_DEVICE_FAMILY = "1,2";
			};
			name = Debug;
		};
		BBFB234C20F4000F00E33C0A /* Release */ = {
			isa = XCBuildConfiguration;
			buildSettings = {
				ASSETCATALOG_COMPILER_APPICON_NAME = AppIcon;
				CODE_SIGN_STYLE = Automatic;
				INFOPLIST_FILE = MakeStagram/Info.plist;
				LD_RUNPATH_SEARCH_PATHS = (
					"$(inherited)",
					"@executable_path/Frameworks",
				);
				PRODUCT_BUNDLE_IDENTIFIER = "com.guillermo-sanchez.MakeStagram";
				PRODUCT_NAME = "$(TARGET_NAME)";
				SWIFT_VERSION = 4.0;
				TARGETED_DEVICE_FAMILY = "1,2";
			};
			name = Release;
		};
/* End XCBuildConfiguration section */

/* Begin XCConfigurationList section */
		BBFB233020F4000E00E33C0A /* Build configuration list for PBXProject "MakeStagram" */ = {
			isa = XCConfigurationList;
			buildConfigurations = (
				BBFB234820F4000F00E33C0A /* Debug */,
				BBFB234920F4000F00E33C0A /* Release */,
			);
			defaultConfigurationIsVisible = 0;
			defaultConfigurationName = Release;
		};
		BBFB234A20F4000F00E33C0A /* Build configuration list for PBXNativeTarget "MakeStagram" */ = {
			isa = XCConfigurationList;
			buildConfigurations = (
				BBFB234B20F4000F00E33C0A /* Debug */,
				BBFB234C20F4000F00E33C0A /* Release */,
			);
			defaultConfigurationIsVisible = 0;
			defaultConfigurationName = Release;
		};
/* End XCConfigurationList section */

/* Begin XCVersionGroup section */
		BBFB233F20F4000E00E33C0A /* MakeStagram.xcdatamodeld */ = {
			isa = XCVersionGroup;
			children = (
				BBFB234020F4000E00E33C0A /* MakeStagram.xcdatamodel */,
			);
			currentVersion = BBFB234020F4000E00E33C0A /* MakeStagram.xcdatamodel */;
			path = MakeStagram.xcdatamodeld;
			sourceTree = "<group>";
			versionGroupType = wrapper.xcdatamodel;
		};
/* End XCVersionGroup section */
	};
	rootObject = BBFB232D20F4000E00E33C0A /* Project object */;
}
