// !$*UTF8*$!
{
	archiveVersion = 1;
	classes = {
	};
	objectVersion = 50;
	objects = {

/* Begin PBXBuildFile section */
		2AB9E46E70B7C4EBDD7AC3CA /* Pods_MakeStagram.framework in Frameworks */ = {isa = PBXBuildFile; fileRef = 1626BC08463787F01DE7F918 /* Pods_MakeStagram.framework */; };
		BB04818920F7B5FF003683A7 /* HomeViewController.swift in Sources */ = {isa = PBXBuildFile; fileRef = BB04818820F7B5FF003683A7 /* HomeViewController.swift */; };
		BB04818B20F7B618003683A7 /* FindFriendsViewController.swift in Sources */ = {isa = PBXBuildFile; fileRef = BB04818A20F7B618003683A7 /* FindFriendsViewController.swift */; };
		BB04818D20F7C75C003683A7 /* MainTabBarController.swift in Sources */ = {isa = PBXBuildFile; fileRef = BB04818C20F7C75C003683A7 /* MainTabBarController.swift */; };
		BB04818F20F7CE41003683A7 /* MGPhotoHelper.swift in Sources */ = {isa = PBXBuildFile; fileRef = BB04818E20F7CE41003683A7 /* MGPhotoHelper.swift */; };
		BB04819120F7F102003683A7 /* AlertMessage.swift in Sources */ = {isa = PBXBuildFile; fileRef = BB04819020F7F102003683A7 /* AlertMessage.swift */; };
		BB486C5220FC0D170012F54E /* PostImageCell.swift in Sources */ = {isa = PBXBuildFile; fileRef = BB486C5120FC0D170012F54E /* PostImageCell.swift */; };
		BB5AE5B320F5255C00FCD486 /* GoogleService-Info.plist in Resources */ = {isa = PBXBuildFile; fileRef = BB5AE5B220F524B200FCD486 /* GoogleService-Info.plist */; };
		BB5AE5B520F5613E00FCD486 /* User.swift in Sources */ = {isa = PBXBuildFile; fileRef = BB5AE5B420F5613E00FCD486 /* User.swift */; };
		BB5AE5B720F56E7100FCD486 /* CreateUsernameViewController.swift in Sources */ = {isa = PBXBuildFile; fileRef = BB5AE5B620F56E7100FCD486 /* CreateUsernameViewController.swift */; };
		BBA1BBB420F42D920087340A /* Login.storyboard in Resources */ = {isa = PBXBuildFile; fileRef = BBA1BBB320F42D920087340A /* Login.storyboard */; };
		BBA1BBB620F42EBA0087340A /* LoginViewController.swift in Sources */ = {isa = PBXBuildFile; fileRef = BBA1BBB520F42EBA0087340A /* LoginViewController.swift */; };
		BBA6671220F66A3C001D6822 /* UserService.swift in Sources */ = {isa = PBXBuildFile; fileRef = BBA6671120F66A3C001D6822 /* UserService.swift */; };
		BBA6671420F6B9AF001D6822 /* Constants.swift in Sources */ = {isa = PBXBuildFile; fileRef = BBA6671320F6B9AF001D6822 /* Constants.swift */; };
		BBA6671720F6BB07001D6822 /* Storyboard+Utility.swift in Sources */ = {isa = PBXBuildFile; fileRef = BBA6671620F6BB07001D6822 /* Storyboard+Utility.swift */; };
		BBA6671920F6C1B4001D6822 /* Main.storyboard in Resources */ = {isa = PBXBuildFile; fileRef = BBA6671820F6C1B4001D6822 /* Main.storyboard */; };
		BBCEA2AB20FABDBB002FF72A /* Post.swift in Sources */ = {isa = PBXBuildFile; fileRef = BBCEA2AA20FABDBB002FF72A /* Post.swift */; };
		BBCEA2AD20FAC509002FF72A /* UIImage+Size.swift in Sources */ = {isa = PBXBuildFile; fileRef = BBCEA2AC20FAC509002FF72A /* UIImage+Size.swift */; };
		BBCEA2AF20FAC6E7002FF72A /* StorageReference+Post.swift in Sources */ = {isa = PBXBuildFile; fileRef = BBCEA2AE20FAC6E7002FF72A /* StorageReference+Post.swift */; };
		BBCEA2B720FAD8C0002FF72A /* Home.storyboard in Resources */ = {isa = PBXBuildFile; fileRef = BBCEA2B620FAD8C0002FF72A /* Home.storyboard */; };
		BBEEB80A20F9A645001090D8 /* StorageService.swift in Sources */ = {isa = PBXBuildFile; fileRef = BBEEB80920F9A645001090D8 /* StorageService.swift */; };
		BBEEB80C20F9A87C001090D8 /* PostService.swift in Sources */ = {isa = PBXBuildFile; fileRef = BBEEB80B20F9A87C001090D8 /* PostService.swift */; };
		BBFB233920F4000E00E33C0A /* AppDelegate.swift in Sources */ = {isa = PBXBuildFile; fileRef = BBFB233820F4000E00E33C0A /* AppDelegate.swift */; };
		BBFB234120F4000E00E33C0A /* MakeStagram.xcdatamodeld in Sources */ = {isa = PBXBuildFile; fileRef = BBFB233F20F4000E00E33C0A /* MakeStagram.xcdatamodeld */; };
		BBFB234320F4000F00E33C0A /* Assets.xcassets in Resources */ = {isa = PBXBuildFile; fileRef = BBFB234220F4000F00E33C0A /* Assets.xcassets */; };
		BBFB234620F4000F00E33C0A /* LaunchScreen.storyboard in Resources */ = {isa = PBXBuildFile; fileRef = BBFB234420F4000F00E33C0A /* LaunchScreen.storyboard */; };
/* End PBXBuildFile section */

/* Begin PBXFileReference section */
		1626BC08463787F01DE7F918 /* Pods_MakeStagram.framework */ = {isa = PBXFileReference; explicitFileType = wrapper.framework; includeInIndex = 0; path = Pods_MakeStagram.framework; sourceTree = BUILT_PRODUCTS_DIR; };
		8466D9892A52F40D46BE4801 /* Pods-MakeStagram.release.xcconfig */ = {isa = PBXFileReference; includeInIndex = 1; lastKnownFileType = text.xcconfig; name = "Pods-MakeStagram.release.xcconfig"; path = "Pods/Target Support Files/Pods-MakeStagram/Pods-MakeStagram.release.xcconfig"; sourceTree = "<group>"; };
		9F14B2BCE5F5C0C86946F299 /* Pods-MakeStagram.debug.xcconfig */ = {isa = PBXFileReference; includeInIndex = 1; lastKnownFileType = text.xcconfig; name = "Pods-MakeStagram.debug.xcconfig"; path = "Pods/Target Support Files/Pods-MakeStagram/Pods-MakeStagram.debug.xcconfig"; sourceTree = "<group>"; };
		BB04818820F7B5FF003683A7 /* HomeViewController.swift */ = {isa = PBXFileReference; lastKnownFileType = sourcecode.swift; path = HomeViewController.swift; sourceTree = "<group>"; };
		BB04818A20F7B618003683A7 /* FindFriendsViewController.swift */ = {isa = PBXFileReference; lastKnownFileType = sourcecode.swift; path = FindFriendsViewController.swift; sourceTree = "<group>"; };
		BB04818C20F7C75C003683A7 /* MainTabBarController.swift */ = {isa = PBXFileReference; lastKnownFileType = sourcecode.swift; path = MainTabBarController.swift; sourceTree = "<group>"; };
		BB04818E20F7CE41003683A7 /* MGPhotoHelper.swift */ = {isa = PBXFileReference; lastKnownFileType = sourcecode.swift; path = MGPhotoHelper.swift; sourceTree = "<group>"; };
		BB04819020F7F102003683A7 /* AlertMessage.swift */ = {isa = PBXFileReference; lastKnownFileType = sourcecode.swift; path = AlertMessage.swift; sourceTree = "<group>"; };
		BB486C5120FC0D170012F54E /* PostImageCell.swift */ = {isa = PBXFileReference; lastKnownFileType = sourcecode.swift; path = PostImageCell.swift; sourceTree = "<group>"; };
		BB5AE5B220F524B200FCD486 /* GoogleService-Info.plist */ = {isa = PBXFileReference; lastKnownFileType = text.plist.xml; path = "GoogleService-Info.plist"; sourceTree = "<group>"; };
		BB5AE5B420F5613E00FCD486 /* User.swift */ = {isa = PBXFileReference; lastKnownFileType = sourcecode.swift; path = User.swift; sourceTree = "<group>"; };
		BB5AE5B620F56E7100FCD486 /* CreateUsernameViewController.swift */ = {isa = PBXFileReference; lastKnownFileType = sourcecode.swift; path = CreateUsernameViewController.swift; sourceTree = "<group>"; };
		BBA1BBB320F42D920087340A /* Login.storyboard */ = {isa = PBXFileReference; lastKnownFileType = file.storyboard; path = Login.storyboard; sourceTree = "<group>"; };
		BBA1BBB520F42EBA0087340A /* LoginViewController.swift */ = {isa = PBXFileReference; lastKnownFileType = sourcecode.swift; path = LoginViewController.swift; sourceTree = "<group>"; };
		BBA6671120F66A3C001D6822 /* UserService.swift */ = {isa = PBXFileReference; lastKnownFileType = sourcecode.swift; path = UserService.swift; sourceTree = "<group>"; };
		BBA6671320F6B9AF001D6822 /* Constants.swift */ = {isa = PBXFileReference; lastKnownFileType = sourcecode.swift; path = Constants.swift; sourceTree = "<group>"; };
		BBA6671620F6BB07001D6822 /* Storyboard+Utility.swift */ = {isa = PBXFileReference; lastKnownFileType = sourcecode.swift; path = "Storyboard+Utility.swift"; sourceTree = "<group>"; };
		BBA6671820F6C1B4001D6822 /* Main.storyboard */ = {isa = PBXFileReference; lastKnownFileType = file.storyboard; path = Main.storyboard; sourceTree = "<group>"; };
		BBCEA2AA20FABDBB002FF72A /* Post.swift */ = {isa = PBXFileReference; lastKnownFileType = sourcecode.swift; path = Post.swift; sourceTree = "<group>"; };
		BBCEA2AC20FAC509002FF72A /* UIImage+Size.swift */ = {isa = PBXFileReference; lastKnownFileType = sourcecode.swift; path = "UIImage+Size.swift"; sourceTree = "<group>"; };
		BBCEA2AE20FAC6E7002FF72A /* StorageReference+Post.swift */ = {isa = PBXFileReference; lastKnownFileType = sourcecode.swift; path = "StorageReference+Post.swift"; sourceTree = "<group>"; };
		BBCEA2B620FAD8C0002FF72A /* Home.storyboard */ = {isa = PBXFileReference; fileEncoding = 4; lastKnownFileType = file.storyboard; path = Home.storyboard; sourceTree = "<group>"; };
		BBEEB80920F9A645001090D8 /* StorageService.swift */ = {isa = PBXFileReference; lastKnownFileType = sourcecode.swift; path = StorageService.swift; sourceTree = "<group>"; };
		BBEEB80B20F9A87C001090D8 /* PostService.swift */ = {isa = PBXFileReference; lastKnownFileType = sourcecode.swift; path = PostService.swift; sourceTree = "<group>"; };
		BBFB233520F4000E00E33C0A /* MakeStagram.app */ = {isa = PBXFileReference; explicitFileType = wrapper.application; includeInIndex = 0; path = MakeStagram.app; sourceTree = BUILT_PRODUCTS_DIR; };
		BBFB233820F4000E00E33C0A /* AppDelegate.swift */ = {isa = PBXFileReference; lastKnownFileType = sourcecode.swift; path = AppDelegate.swift; sourceTree = "<group>"; };
		BBFB234020F4000E00E33C0A /* MakeStagram.xcdatamodel */ = {isa = PBXFileReference; lastKnownFileType = wrapper.xcdatamodel; path = MakeStagram.xcdatamodel; sourceTree = "<group>"; };
		BBFB234220F4000F00E33C0A /* Assets.xcassets */ = {isa = PBXFileReference; lastKnownFileType = folder.assetcatalog; path = Assets.xcassets; sourceTree = "<group>"; };
		BBFB234520F4000F00E33C0A /* Base */ = {isa = PBXFileReference; lastKnownFileType = file.storyboard; name = Base; path = Base.lproj/LaunchScreen.storyboard; sourceTree = "<group>"; };
		BBFB234720F4000F00E33C0A /* Info.plist */ = {isa = PBXFileReference; lastKnownFileType = text.plist.xml; path = Info.plist; sourceTree = "<group>"; };
/* End PBXFileReference section */

/* Begin PBXFrameworksBuildPhase section */
		BBFB233220F4000E00E33C0A /* Frameworks */ = {
			isa = PBXFrameworksBuildPhase;
			buildActionMask = 2147483647;
			files = (
				2AB9E46E70B7C4EBDD7AC3CA /* Pods_MakeStagram.framework in Frameworks */,
			);
			runOnlyForDeploymentPostprocessing = 0;
		};
/* End PBXFrameworksBuildPhase section */

/* Begin PBXGroup section */
		89664BCDBEAA9A76D489A698 /* Frameworks */ = {
			isa = PBXGroup;
			children = (
				1626BC08463787F01DE7F918 /* Pods_MakeStagram.framework */,
			);
			name = Frameworks;
			sourceTree = "<group>";
		};
		9851AAA23B31A620E0D39142 /* Pods */ = {
			isa = PBXGroup;
			children = (
				9F14B2BCE5F5C0C86946F299 /* Pods-MakeStagram.debug.xcconfig */,
				8466D9892A52F40D46BE4801 /* Pods-MakeStagram.release.xcconfig */,
			);
			name = Pods;
			sourceTree = "<group>";
		};
		BBA1BBA920F426360087340A /* Controllers */ = {
			isa = PBXGroup;
			children = (
			);
			path = Controllers;
			sourceTree = "<group>";
		};
		BBA1BBAC20F427120087340A /* Helpers */ = {
			isa = PBXGroup;
			children = (
				BB04818E20F7CE41003683A7 /* MGPhotoHelper.swift */,
			);
			path = Helpers;
			sourceTree = "<group>";
		};
		BBA1BBAD20F4271D0087340A /* Models */ = {
			isa = PBXGroup;
			children = (
				BB5AE5B420F5613E00FCD486 /* User.swift */,
				BBCEA2AA20FABDBB002FF72A /* Post.swift */,
			);
			path = Models;
			sourceTree = "<group>";
		};
		BBA1BBAE20F427320087340A /* Services */ = {
			isa = PBXGroup;
			children = (
				BBA6671120F66A3C001D6822 /* UserService.swift */,
				BBEEB80920F9A645001090D8 /* StorageService.swift */,
				BBEEB80B20F9A87C001090D8 /* PostService.swift */,
			);
			path = Services;
			sourceTree = "<group>";
		};
		BBA1BBAF20F4273C0087340A /* Storyboards */ = {
			isa = PBXGroup;
			children = (
				BBA6671820F6C1B4001D6822 /* Main.storyboard */,
				BBCEA2B620FAD8C0002FF72A /* Home.storyboard */,
				BBFB234420F4000F00E33C0A /* LaunchScreen.storyboard */,
				BBA1BBB320F42D920087340A /* Login.storyboard */,
			);
			path = Storyboards;
			sourceTree = "<group>";
		};
		BBA1BBB020F427430087340A /* Supporting */ = {
			isa = PBXGroup;
			children = (
				BB5AE5B220F524B200FCD486 /* GoogleService-Info.plist */,
				BBFB234720F4000F00E33C0A /* Info.plist */,
				BBA6671320F6B9AF001D6822 /* Constants.swift */,
			);
			path = Supporting;
			sourceTree = "<group>";
		};
		BBA1BBB120F4274A0087340A /* Views */ = {
			isa = PBXGroup;
			children = (
				BBA1BBB520F42EBA0087340A /* LoginViewController.swift */,
				BB5AE5B620F56E7100FCD486 /* CreateUsernameViewController.swift */,
				BB04818820F7B5FF003683A7 /* HomeViewController.swift */,
				BB04818A20F7B618003683A7 /* FindFriendsViewController.swift */,
				BB04818C20F7C75C003683A7 /* MainTabBarController.swift */,
				BB486C5120FC0D170012F54E /* PostImageCell.swift */,
			);
			path = Views;
			sourceTree = "<group>";
		};
		BBA6671520F6BAE5001D6822 /* Extensions */ = {
			isa = PBXGroup;
			children = (
				BBA6671620F6BB07001D6822 /* Storyboard+Utility.swift */,
				BB04819020F7F102003683A7 /* AlertMessage.swift */,
				BBCEA2AC20FAC509002FF72A /* UIImage+Size.swift */,
				BBCEA2AE20FAC6E7002FF72A /* StorageReference+Post.swift */,
			);
			path = Extensions;
			sourceTree = "<group>";
		};
		BBFB232C20F4000E00E33C0A = {
			isa = PBXGroup;
			children = (
				BBFB233720F4000E00E33C0A /* MakeStagram */,
				BBFB233620F4000E00E33C0A /* Products */,
				9851AAA23B31A620E0D39142 /* Pods */,
				89664BCDBEAA9A76D489A698 /* Frameworks */,
			);
			sourceTree = "<group>";
		};
		BBFB233620F4000E00E33C0A /* Products */ = {
			isa = PBXGroup;
			children = (
				BBFB233520F4000E00E33C0A /* MakeStagram.app */,
			);
			name = Products;
			sourceTree = "<group>";
		};
		BBFB233720F4000E00E33C0A /* MakeStagram */ = {
			isa = PBXGroup;
			children = (
				BBFB233820F4000E00E33C0A /* AppDelegate.swift */,
				BBA1BBB120F4274A0087340A /* Views */,
				BBA1BBAF20F4273C0087340A /* Storyboards */,
				BBA1BBAE20F427320087340A /* Services */,
				BBA1BBAD20F4271D0087340A /* Models */,
				BBA1BBAC20F427120087340A /* Helpers */,
				BBA1BBA920F426360087340A /* Controllers */,
				BBA6671520F6BAE5001D6822 /* Extensions */,
				BBA1BBB020F427430087340A /* Supporting */,
				BBFB234220F4000F00E33C0A /* Assets.xcassets */,
				BBFB233F20F4000E00E33C0A /* MakeStagram.xcdatamodeld */,
			);
			path = MakeStagram;
			sourceTree = "<group>";
		};
/* End PBXGroup section */

/* Begin PBXNativeTarget section */
		BBFB233420F4000E00E33C0A /* MakeStagram */ = {
			isa = PBXNativeTarget;
			buildConfigurationList = BBFB234A20F4000F00E33C0A /* Build configuration list for PBXNativeTarget "MakeStagram" */;
			buildPhases = (
				6CDB825311E3B1C19C499901 /* [CP] Check Pods Manifest.lock */,
				BBFB233120F4000E00E33C0A /* Sources */,
				BBFB233220F4000E00E33C0A /* Frameworks */,
				BBFB233320F4000E00E33C0A /* Resources */,
				35C355909CBAC09E2134F757 /* [CP] Embed Pods Frameworks */,
				7EDE496093D509C81C371BF5 /* [CP] Copy Pods Resources */,
			);
			buildRules = (
			);
			dependencies = (
			);
			name = MakeStagram;
			productName = MakeStagram;
			productReference = BBFB233520F4000E00E33C0A /* MakeStagram.app */;
			productType = "com.apple.product-type.application";
		};
/* End PBXNativeTarget section */

/* Begin PBXProject section */
		BBFB232D20F4000E00E33C0A /* Project object */ = {
			isa = PBXProject;
			attributes = {
				LastSwiftUpdateCheck = 0940;
				LastUpgradeCheck = 0940;
				ORGANIZATIONNAME = Memo;
				TargetAttributes = {
					BBFB233420F4000E00E33C0A = {
						CreatedOnToolsVersion = 9.4.1;
					};
				};
			};
			buildConfigurationList = BBFB233020F4000E00E33C0A /* Build configuration list for PBXProject "MakeStagram" */;
			compatibilityVersion = "Xcode 9.3";
			developmentRegion = en;
			hasScannedForEncodings = 0;
			knownRegions = (
				en,
				Base,
			);
			mainGroup = BBFB232C20F4000E00E33C0A;
			productRefGroup = BBFB233620F4000E00E33C0A /* Products */;
			projectDirPath = "";
			projectRoot = "";
			targets = (
				BBFB233420F4000E00E33C0A /* MakeStagram */,
			);
		};
/* End PBXProject section */

/* Begin PBXResourcesBuildPhase section */
		BBFB233320F4000E00E33C0A /* Resources */ = {
			isa = PBXResourcesBuildPhase;
			buildActionMask = 2147483647;
			files = (
				BBA1BBB420F42D920087340A /* Login.storyboard in Resources */,
				BBA6671920F6C1B4001D6822 /* Main.storyboard in Resources */,
				BBFB234620F4000F00E33C0A /* LaunchScreen.storyboard in Resources */,
				BBCEA2B720FAD8C0002FF72A /* Home.storyboard in Resources */,
				BBFB234320F4000F00E33C0A /* Assets.xcassets in Resources */,
				BB5AE5B320F5255C00FCD486 /* GoogleService-Info.plist in Resources */,
			);
			runOnlyForDeploymentPostprocessing = 0;
		};
/* End PBXResourcesBuildPhase section */

/* Begin PBXShellScriptBuildPhase section */
		35C355909CBAC09E2134F757 /* [CP] Embed Pods Frameworks */ = {
			isa = PBXShellScriptBuildPhase;
			buildActionMask = 2147483647;
			files = (
			);
			inputPaths = (
				"${SRCROOT}/Pods/Target Support Files/Pods-MakeStagram/Pods-MakeStagram-frameworks.sh",
				"${BUILT_PRODUCTS_DIR}/GTMSessionFetcher/GTMSessionFetcher.framework",
				"${BUILT_PRODUCTS_DIR}/GoogleToolboxForMac/GoogleToolboxForMac.framework",
				"${BUILT_PRODUCTS_DIR}/Kingfisher/Kingfisher.framework",
				"${BUILT_PRODUCTS_DIR}/leveldb-library/leveldb.framework",
				"${BUILT_PRODUCTS_DIR}/nanopb/nanopb.framework",
			);
			name = "[CP] Embed Pods Frameworks";
			outputPaths = (
				"${TARGET_BUILD_DIR}/${FRAMEWORKS_FOLDER_PATH}/GTMSessionFetcher.framework",
				"${TARGET_BUILD_DIR}/${FRAMEWORKS_FOLDER_PATH}/GoogleToolboxForMac.framework",
				"${TARGET_BUILD_DIR}/${FRAMEWORKS_FOLDER_PATH}/Kingfisher.framework",
				"${TARGET_BUILD_DIR}/${FRAMEWORKS_FOLDER_PATH}/leveldb.framework",
				"${TARGET_BUILD_DIR}/${FRAMEWORKS_FOLDER_PATH}/nanopb.framework",
			);
			runOnlyForDeploymentPostprocessing = 0;
			shellPath = /bin/sh;
			shellScript = "\"${SRCROOT}/Pods/Target Support Files/Pods-MakeStagram/Pods-MakeStagram-frameworks.sh\"\n";
			showEnvVarsInLog = 0;
		};
		6CDB825311E3B1C19C499901 /* [CP] Check Pods Manifest.lock */ = {
			isa = PBXShellScriptBuildPhase;
			buildActionMask = 2147483647;
			files = (
			);
			inputPaths = (
				"${PODS_PODFILE_DIR_PATH}/Podfile.lock",
				"${PODS_ROOT}/Manifest.lock",
			);
			name = "[CP] Check Pods Manifest.lock";
			outputPaths = (
				"$(DERIVED_FILE_DIR)/Pods-MakeStagram-checkManifestLockResult.txt",
			);
			runOnlyForDeploymentPostprocessing = 0;
			shellPath = /bin/sh;
			shellScript = "diff \"${PODS_PODFILE_DIR_PATH}/Podfile.lock\" \"${PODS_ROOT}/Manifest.lock\" > /dev/null\nif [ $? != 0 ] ; then\n    # print error to STDERR\n    echo \"error: The sandbox is not in sync with the Podfile.lock. Run 'pod install' or update your CocoaPods installation.\" >&2\n    exit 1\nfi\n# This output is used by Xcode 'outputs' to avoid re-running this script phase.\necho \"SUCCESS\" > \"${SCRIPT_OUTPUT_FILE_0}\"\n";
			showEnvVarsInLog = 0;
		};
		7EDE496093D509C81C371BF5 /* [CP] Copy Pods Resources */ = {
			isa = PBXShellScriptBuildPhase;
			buildActionMask = 2147483647;
			files = (
			);
			inputPaths = (
				"${SRCROOT}/Pods/Target Support Files/Pods-MakeStagram/Pods-MakeStagram-resources.sh",
				"${PODS_CONFIGURATION_BUILD_DIR}/FirebaseUI/FirebaseAuthUI.bundle",
			);
			name = "[CP] Copy Pods Resources";
			outputPaths = (
				"${TARGET_BUILD_DIR}/${UNLOCALIZED_RESOURCES_FOLDER_PATH}/FirebaseAuthUI.bundle",
			);
			runOnlyForDeploymentPostprocessing = 0;
			shellPath = /bin/sh;
			shellScript = "\"${SRCROOT}/Pods/Target Support Files/Pods-MakeStagram/Pods-MakeStagram-resources.sh\"\n";
			showEnvVarsInLog = 0;
		};
/* End PBXShellScriptBuildPhase section */

/* Begin PBXSourcesBuildPhase section */
		BBFB233120F4000E00E33C0A /* Sources */ = {
			isa = PBXSourcesBuildPhase;
			buildActionMask = 2147483647;
			files = (
				BBA6671220F66A3C001D6822 /* UserService.swift in Sources */,
				BBA1BBB620F42EBA0087340A /* LoginViewController.swift in Sources */,
				BB04818D20F7C75C003683A7 /* MainTabBarController.swift in Sources */,
				BB5AE5B720F56E7100FCD486 /* CreateUsernameViewController.swift in Sources */,
				BB04818F20F7CE41003683A7 /* MGPhotoHelper.swift in Sources */,
				BBFB233920F4000E00E33C0A /* AppDelegate.swift in Sources */,
				BB5AE5B520F5613E00FCD486 /* User.swift in Sources */,
				BBCEA2AF20FAC6E7002FF72A /* StorageReference+Post.swift in Sources */,
				BB486C5220FC0D170012F54E /* PostImageCell.swift in Sources */,
				BB04818B20F7B618003683A7 /* FindFriendsViewController.swift in Sources */,
				BBCEA2AD20FAC509002FF72A /* UIImage+Size.swift in Sources */,
				BBA6671720F6BB07001D6822 /* Storyboard+Utility.swift in Sources */,
				BBFB234120F4000E00E33C0A /* MakeStagram.xcdatamodeld in Sources */,
				BBEEB80C20F9A87C001090D8 /* PostService.swift in Sources */,
				BBCEA2AB20FABDBB002FF72A /* Post.swift in Sources */,
				BB04818920F7B5FF003683A7 /* HomeViewController.swift in Sources */,
				BBA6671420F6B9AF001D6822 /* Constants.swift in Sources */,
				BB04819120F7F102003683A7 /* AlertMessage.swift in Sources */,
				BBEEB80A20F9A645001090D8 /* StorageService.swift in Sources */,
			);
			runOnlyForDeploymentPostprocessing = 0;
		};
/* End PBXSourcesBuildPhase section */

/* Begin PBXVariantGroup section */
		BBFB234420F4000F00E33C0A /* LaunchScreen.storyboard */ = {
			isa = PBXVariantGroup;
			children = (
				BBFB234520F4000F00E33C0A /* Base */,
			);
			name = LaunchScreen.storyboard;
			sourceTree = "<group>";
		};
/* End PBXVariantGroup section */

/* Begin XCBuildConfiguration section */
		BBFB234820F4000F00E33C0A /* Debug */ = {
			isa = XCBuildConfiguration;
			buildSettings = {
				ALWAYS_SEARCH_USER_PATHS = NO;
				CLANG_ANALYZER_NONNULL = YES;
				CLANG_ANALYZER_NUMBER_OBJECT_CONVERSION = YES_AGGRESSIVE;
				CLANG_CXX_LANGUAGE_STANDARD = "gnu++14";
				CLANG_CXX_LIBRARY = "libc++";
				CLANG_ENABLE_MODULES = YES;
				CLANG_ENABLE_OBJC_ARC = YES;
				CLANG_ENABLE_OBJC_WEAK = YES;
				CLANG_WARN_BLOCK_CAPTURE_AUTORELEASING = YES;
				CLANG_WARN_BOOL_CONVERSION = YES;
				CLANG_WARN_COMMA = YES;
				CLANG_WARN_CONSTANT_CONVERSION = YES;
				CLANG_WARN_DEPRECATED_OBJC_IMPLEMENTATIONS = YES;
				CLANG_WARN_DIRECT_OBJC_ISA_USAGE = YES_ERROR;
				CLANG_WARN_DOCUMENTATION_COMMENTS = YES;
				CLANG_WARN_EMPTY_BODY = YES;
				CLANG_WARN_ENUM_CONVERSION = YES;
				CLANG_WARN_INFINITE_RECURSION = YES;
				CLANG_WARN_INT_CONVERSION = YES;
				CLANG_WARN_NON_LITERAL_NULL_CONVERSION = YES;
				CLANG_WARN_OBJC_IMPLICIT_RETAIN_SELF = YES;
				CLANG_WARN_OBJC_LITERAL_CONVERSION = YES;
				CLANG_WARN_OBJC_ROOT_CLASS = YES_ERROR;
				CLANG_WARN_RANGE_LOOP_ANALYSIS = YES;
				CLANG_WARN_STRICT_PROTOTYPES = YES;
				CLANG_WARN_SUSPICIOUS_MOVE = YES;
				CLANG_WARN_UNGUARDED_AVAILABILITY = YES_AGGRESSIVE;
				CLANG_WARN_UNREACHABLE_CODE = YES;
				CLANG_WARN__DUPLICATE_METHOD_MATCH = YES;
				CODE_SIGN_IDENTITY = "iPhone Developer";
				COPY_PHASE_STRIP = NO;
				DEBUG_INFORMATION_FORMAT = dwarf;
				ENABLE_STRICT_OBJC_MSGSEND = YES;
				ENABLE_TESTABILITY = YES;
				GCC_C_LANGUAGE_STANDARD = gnu11;
				GCC_DYNAMIC_NO_PIC = NO;
				GCC_NO_COMMON_BLOCKS = YES;
				GCC_OPTIMIZATION_LEVEL = 0;
				GCC_PREPROCESSOR_DEFINITIONS = (
					"DEBUG=1",
					"$(inherited)",
				);
				GCC_WARN_64_TO_32_BIT_CONVERSION = YES;
				GCC_WARN_ABOUT_RETURN_TYPE = YES_ERROR;
				GCC_WARN_UNDECLARED_SELECTOR = YES;
				GCC_WARN_UNINITIALIZED_AUTOS = YES_AGGRESSIVE;
				GCC_WARN_UNUSED_FUNCTION = YES;
				GCC_WARN_UNUSED_VARIABLE = YES;
				IPHONEOS_DEPLOYMENT_TARGET = 11.4;
				MTL_ENABLE_DEBUG_INFO = YES;
				ONLY_ACTIVE_ARCH = YES;
				SDKROOT = iphoneos;
				SWIFT_ACTIVE_COMPILATION_CONDITIONS = DEBUG;
				SWIFT_OPTIMIZATION_LEVEL = "-Onone";
			};
			name = Debug;
		};
		BBFB234920F4000F00E33C0A /* Release */ = {
			isa = XCBuildConfiguration;
			buildSettings = {
				ALWAYS_SEARCH_USER_PATHS = NO;
				CLANG_ANALYZER_NONNULL = YES;
				CLANG_ANALYZER_NUMBER_OBJECT_CONVERSION = YES_AGGRESSIVE;
				CLANG_CXX_LANGUAGE_STANDARD = "gnu++14";
				CLANG_CXX_LIBRARY = "libc++";
				CLANG_ENABLE_MODULES = YES;
				CLANG_ENABLE_OBJC_ARC = YES;
				CLANG_ENABLE_OBJC_WEAK = YES;
				CLANG_WARN_BLOCK_CAPTURE_AUTORELEASING = YES;
				CLANG_WARN_BOOL_CONVERSION = YES;
				CLANG_WARN_COMMA = YES;
				CLANG_WARN_CONSTANT_CONVERSION = YES;
				CLANG_WARN_DEPRECATED_OBJC_IMPLEMENTATIONS = YES;
				CLANG_WARN_DIRECT_OBJC_ISA_USAGE = YES_ERROR;
				CLANG_WARN_DOCUMENTATION_COMMENTS = YES;
				CLANG_WARN_EMPTY_BODY = YES;
				CLANG_WARN_ENUM_CONVERSION = YES;
				CLANG_WARN_INFINITE_RECURSION = YES;
				CLANG_WARN_INT_CONVERSION = YES;
				CLANG_WARN_NON_LITERAL_NULL_CONVERSION = YES;
				CLANG_WARN_OBJC_IMPLICIT_RETAIN_SELF = YES;
				CLANG_WARN_OBJC_LITERAL_CONVERSION = YES;
				CLANG_WARN_OBJC_ROOT_CLASS = YES_ERROR;
				CLANG_WARN_RANGE_LOOP_ANALYSIS = YES;
				CLANG_WARN_STRICT_PROTOTYPES = YES;
				CLANG_WARN_SUSPICIOUS_MOVE = YES;
				CLANG_WARN_UNGUARDED_AVAILABILITY = YES_AGGRESSIVE;
				CLANG_WARN_UNREACHABLE_CODE = YES;
				CLANG_WARN__DUPLICATE_METHOD_MATCH = YES;
				CODE_SIGN_IDENTITY = "iPhone Developer";
				COPY_PHASE_STRIP = NO;
				DEBUG_INFORMATION_FORMAT = "dwarf-with-dsym";
				ENABLE_NS_ASSERTIONS = NO;
				ENABLE_STRICT_OBJC_MSGSEND = YES;
				GCC_C_LANGUAGE_STANDARD = gnu11;
				GCC_NO_COMMON_BLOCKS = YES;
				GCC_WARN_64_TO_32_BIT_CONVERSION = YES;
				GCC_WARN_ABOUT_RETURN_TYPE = YES_ERROR;
				GCC_WARN_UNDECLARED_SELECTOR = YES;
				GCC_WARN_UNINITIALIZED_AUTOS = YES_AGGRESSIVE;
				GCC_WARN_UNUSED_FUNCTION = YES;
				GCC_WARN_UNUSED_VARIABLE = YES;
				IPHONEOS_DEPLOYMENT_TARGET = 11.4;
				MTL_ENABLE_DEBUG_INFO = NO;
				SDKROOT = iphoneos;
				SWIFT_COMPILATION_MODE = wholemodule;
				SWIFT_OPTIMIZATION_LEVEL = "-O";
				VALIDATE_PRODUCT = YES;
			};
			name = Release;
		};
		BBFB234B20F4000F00E33C0A /* Debug */ = {
			isa = XCBuildConfiguration;
			baseConfigurationReference = 9F14B2BCE5F5C0C86946F299 /* Pods-MakeStagram.debug.xcconfig */;
			buildSettings = {
				ASSETCATALOG_COMPILER_APPICON_NAME = AppIcon;
				CODE_SIGN_STYLE = Automatic;
				INFOPLIST_FILE = "$(SRCROOT)/MakeStagram/Supporting/Info.plist";
				LD_RUNPATH_SEARCH_PATHS = (
					"$(inherited)",
					"@executable_path/Frameworks",
				);
				PRODUCT_BUNDLE_IDENTIFIER = "com.guillermo-sanchez.MakeStagram";
				PRODUCT_NAME = "$(TARGET_NAME)";
				SWIFT_VERSION = 4.0;
				TARGETED_DEVICE_FAMILY = "1,2";
			};
			name = Debug;
		};
		BBFB234C20F4000F00E33C0A /* Release */ = {
			isa = XCBuildConfiguration;
			baseConfigurationReference = 8466D9892A52F40D46BE4801 /* Pods-MakeStagram.release.xcconfig */;
			buildSettings = {
				ASSETCATALOG_COMPILER_APPICON_NAME = AppIcon;
				CODE_SIGN_STYLE = Automatic;
				INFOPLIST_FILE = "$(SRCROOT)/MakeStagram/Supporting/Info.plist";
				LD_RUNPATH_SEARCH_PATHS = (
					"$(inherited)",
					"@executable_path/Frameworks",
				);
				PRODUCT_BUNDLE_IDENTIFIER = "com.guillermo-sanchez.MakeStagram";
				PRODUCT_NAME = "$(TARGET_NAME)";
				SWIFT_VERSION = 4.0;
				TARGETED_DEVICE_FAMILY = "1,2";
			};
			name = Release;
		};
/* End XCBuildConfiguration section */

/* Begin XCConfigurationList section */
		BBFB233020F4000E00E33C0A /* Build configuration list for PBXProject "MakeStagram" */ = {
			isa = XCConfigurationList;
			buildConfigurations = (
				BBFB234820F4000F00E33C0A /* Debug */,
				BBFB234920F4000F00E33C0A /* Release */,
			);
			defaultConfigurationIsVisible = 0;
			defaultConfigurationName = Release;
		};
		BBFB234A20F4000F00E33C0A /* Build configuration list for PBXNativeTarget "MakeStagram" */ = {
			isa = XCConfigurationList;
			buildConfigurations = (
				BBFB234B20F4000F00E33C0A /* Debug */,
				BBFB234C20F4000F00E33C0A /* Release */,
			);
			defaultConfigurationIsVisible = 0;
			defaultConfigurationName = Release;
		};
/* End XCConfigurationList section */

/* Begin XCVersionGroup section */
		BBFB233F20F4000E00E33C0A /* MakeStagram.xcdatamodeld */ = {
			isa = XCVersionGroup;
			children = (
				BBFB234020F4000E00E33C0A /* MakeStagram.xcdatamodel */,
			);
			currentVersion = BBFB234020F4000E00E33C0A /* MakeStagram.xcdatamodel */;
			path = MakeStagram.xcdatamodeld;
			sourceTree = "<group>";
			versionGroupType = wrapper.xcdatamodel;
		};
/* End XCVersionGroup section */
	};
	rootObject = BBFB232D20F4000E00E33C0A /* Project object */;
}
